
Microsoft Visual Studio Solution File, Format Version 12.00
# Visual Studio 15
VisualStudioVersion = 15.0.26403.7
MinimumVisualStudioVersion = 10.0.40219.1
Project("{FAE04EC0-301F-11D3-BF4B-00C04F79EFBC}") = "SistemaInventario", "SistemaInventario\SistemaInventario.csproj", "{09C4DBD0-6F16-4170-A4BF-2D94ABD79A50}"
EndProject
Global
	GlobalSection(SolutionConfigurationPlatforms) = preSolution
		Debug|Any CPU = Debug|Any CPU
		Release|Any CPU = Release|Any CPU
	EndGlobalSection
	GlobalSection(ProjectConfigurationPlatforms) = postSolution
		{09C4DBD0-6F16-4170-A4BF-2D94ABD79A50}.Debug|Any CPU.ActiveCfg = Debug|Any CPU
		{09C4DBD0-6F16-4170-A4BF-2D94ABD79A50}.Debug|Any CPU.Build.0 = Debug|Any CPU
		{09C4DBD0-6F16-4170-A4BF-2D94ABD79A50}.Release|Any CPU.ActiveCfg = Release|Any CPU
		{09C4DBD0-6F16-4170-A4BF-2D94ABD79A50}.Release|Any CPU.Build.0 = Release|Any CPU
	EndGlobalSection
	GlobalSection(SolutionProperties) = preSolution
		HideSolutionNode = FALSE
	EndGlobalSection
EndGlobal
